
Microsoft Visual Studio Solution File, Format Version 11.00
# Visual Studio 2010
Project("{FAE04EC0-301F-11D3-BF4B-00C04F79EFBC}") = "Atestat_J", "Atestat\Atestat_J.csproj", "{A087022B-1CC4-447B-A9D3-E9EEC7A575F3}"
EndProject
Global
	GlobalSection(SolutionConfigurationPlatforms) = preSolution
		Debug|Any CPU = Debug|Any CPU
		Release|Any CPU = Release|Any CPU
	EndGlobalSection
	GlobalSection(ProjectConfigurationPlatforms) = postSolution
		{A087022B-1CC4-447B-A9D3-E9EEC7A575F3}.Debug|Any CPU.ActiveCfg = Debug|Any CPU
		{A087022B-1CC4-447B-A9D3-E9EEC7A575F3}.Debug|Any CPU.Build.0 = Debug|Any CPU
		{A087022B-1CC4-447B-A9D3-E9EEC7A575F3}.Release|Any CPU.ActiveCfg = Release|Any CPU
		{A087022B-1CC4-447B-A9D3-E9EEC7A575F3}.Release|Any CPU.Build.0 = Release|Any CPU
	EndGlobalSection
	GlobalSection(SolutionProperties) = preSolution
		HideSolutionNode = FALSE
	EndGlobalSection
EndGlobal
